
Microsoft Visual Studio Solution File, Format Version 12.00
# Visual Studio Version 16
VisualStudioVersion = 16.0.31019.35
MinimumVisualStudioVersion = 10.0.40219.1
Project("{9A19103F-16F7-4668-BE54-9A1E7A4F7556}") = "Common", "Common\Common.csproj", "{29666177-2AD5-4878-84A5-5269DEE001FA}"
EndProject
Project("{9A19103F-16F7-4668-BE54-9A1E7A4F7556}") = "TestCommon", "TestCommon\TestCommon.csproj", "{55F6CC16-6237-4710-AC79-4B9724BB7A93}"
EndProject
Project("{9A19103F-16F7-4668-BE54-9A1E7A4F7556}") = "RoutePlanning", "RoutePlanning\RoutePlanning.csproj", "{D94A5D84-67D9-4A43-85D3-55534EFC77F7}"
EndProject
Project("{FAE04EC0-301F-11D3-BF4B-00C04F79EFBC}") = "TestRoutePlanning", "TestRoutePlanning\TestRoutePlanning.csproj", "{49778C88-A7D9-4779-BCE4-39E19B3A2B9A}"
EndProject
Global
	GlobalSection(SolutionConfigurationPlatforms) = preSolution
		Debug|Any CPU = Debug|Any CPU
		Release|Any CPU = Release|Any CPU
	EndGlobalSection
	GlobalSection(ProjectConfigurationPlatforms) = postSolution
		{29666177-2AD5-4878-84A5-5269DEE001FA}.Debug|Any CPU.ActiveCfg = Debug|Any CPU
		{29666177-2AD5-4878-84A5-5269DEE001FA}.Debug|Any CPU.Build.0 = Debug|Any CPU
		{29666177-2AD5-4878-84A5-5269DEE001FA}.Release|Any CPU.ActiveCfg = Release|Any CPU
		{29666177-2AD5-4878-84A5-5269DEE001FA}.Release|Any CPU.Build.0 = Release|Any CPU
		{55F6CC16-6237-4710-AC79-4B9724BB7A93}.Debug|Any CPU.ActiveCfg = Debug|Any CPU
		{55F6CC16-6237-4710-AC79-4B9724BB7A93}.Debug|Any CPU.Build.0 = Debug|Any CPU
		{55F6CC16-6237-4710-AC79-4B9724BB7A93}.Release|Any CPU.ActiveCfg = Release|Any CPU
		{55F6CC16-6237-4710-AC79-4B9724BB7A93}.Release|Any CPU.Build.0 = Release|Any CPU
		{D94A5D84-67D9-4A43-85D3-55534EFC77F7}.Debug|Any CPU.ActiveCfg = Debug|Any CPU
		{D94A5D84-67D9-4A43-85D3-55534EFC77F7}.Debug|Any CPU.Build.0 = Debug|Any CPU
		{D94A5D84-67D9-4A43-85D3-55534EFC77F7}.Release|Any CPU.ActiveCfg = Release|Any CPU
		{D94A5D84-67D9-4A43-85D3-55534EFC77F7}.Release|Any CPU.Build.0 = Release|Any CPU
		{49778C88-A7D9-4779-BCE4-39E19B3A2B9A}.Debug|Any CPU.ActiveCfg = Debug|Any CPU
		{49778C88-A7D9-4779-BCE4-39E19B3A2B9A}.Debug|Any CPU.Build.0 = Debug|Any CPU
		{49778C88-A7D9-4779-BCE4-39E19B3A2B9A}.Release|Any CPU.ActiveCfg = Release|Any CPU
		{49778C88-A7D9-4779-BCE4-39E19B3A2B9A}.Release|Any CPU.Build.0 = Release|Any CPU
	EndGlobalSection
	GlobalSection(SolutionProperties) = preSolution
		HideSolutionNode = FALSE
	EndGlobalSection
	GlobalSection(ExtensibilityGlobals) = postSolution
		SolutionGuid = {1A22C8A6-4CFA-403D-BF0F-29CD46EB95B4}
	EndGlobalSection
EndGlobal
